{
  "name": "blog-code",
  "version": "1.0.0",
  "lockfileVersion": 1,
  "requires": true,
  "dependencies": {
    "@babel/runtime-corejs3": {
      "version": "7.12.5",
      "resolved": "https://registry.npm.taobao.org/@babel/runtime-corejs3/download/@babel/runtime-corejs3-7.12.5.tgz?cache=0&sync_timestamp=1604444010370&other_urls=https%3A%2F%2Fregistry.npm.taobao.org%2F%40babel%2Fruntime-corejs3%2Fdownload%2F%40babel%2Fruntime-corejs3-7.12.5.tgz",
      "integrity": "sha1-/+6R2g60xtrggHdOlLpgY2jkFPQ=",
      "requires": {
        "core-js-pure": "^3.0.0",
        "regenerator-runtime": "^0.13.4"
      }
    },
    "@types/raf": {
      "version": "3.4.0",
      "resolved": "https://registry.npm.taobao.org/@types/raf/download/@types/raf-3.4.0.tgz?cache=0&sync_timestamp=1605055389559&other_urls=https%3A%2F%2Fregistry.npm.taobao.org%2F%40types%2Fraf%2Fdownload%2F%40types%2Fraf-3.4.0.tgz",
      "integrity": "sha1-K3LL1VQF4HHxxNKZkmOOAisgrMI="
    },
    "base64-arraybuffer": {
      "version": "0.2.0",
      "resolved": "https://registry.npm.taobao.org/base64-arraybuffer/download/base64-arraybuffer-0.2.0.tgz",
      "integrity": "sha1-S5RPrAGRqlkHr+LYyZnMxXzoD0U="
    },
    "canvg": {
      "version": "3.0.7",
      "resolved": "https://registry.npm.taobao.org/canvg/download/canvg-3.0.7.tgz",
      "integrity": "sha1-5FuHpkEWr5BpF/fK1X03DqNy1oI=",
      "requires": {
        "@babel/runtime-corejs3": "^7.9.6",
        "@types/raf": "^3.4.0",
        "raf": "^3.4.1",
        "rgbcolor": "^1.0.1",
        "stackblur-canvas": "^2.0.0",
        "svg-pathdata": "^5.0.5"
      }
    },
    "core-js-pure": {
      "version": "3.8.1",
      "resolved": "https://registry.npm.taobao.org/core-js-pure/download/core-js-pure-3.8.1.tgz?cache=0&sync_timestamp=1607216285006&other_urls=https%3A%2F%2Fregistry.npm.taobao.org%2Fcore-js-pure%2Fdownload%2Fcore-js-pure-3.8.1.tgz",
      "integrity": "sha1-I/hASPNm/fz1LT/Rxo/sNJF30Rk="
    },
    "css-line-break": {
      "version": "1.1.1",
      "resolved": "https://registry.npm.taobao.org/css-line-break/download/css-line-break-1.1.1.tgz",
      "integrity": "sha1-1em90peEAJnrBQPHMQ/TSSegJu8=",
      "requires": {
        "base64-arraybuffer": "^0.2.0"
      }
    },
    "html2canvas": {
      "version": "1.0.0-rc.7",
      "resolved": "https://registry.npm.taobao.org/html2canvas/download/html2canvas-1.0.0-rc.7.tgz",
      "integrity": "sha1-cMFZzg5jlUqRFpUxiU0IrVYnrJg=",
      "requires": {
        "css-line-break": "1.1.1"
      }
    },
    "performance-now": {
      "version": "2.1.0",
      "resolved": "https://registry.npm.taobao.org/performance-now/download/performance-now-2.1.0.tgz",
      "integrity": "sha1-Ywn04OX6kT7BxpMHrjZLSzd8nns="
    },
    "raf": {
      "version": "3.4.1",
      "resolved": "https://registry.npm.taobao.org/raf/download/raf-3.4.1.tgz",
      "integrity": "sha1-B0LpmkplUvRF1z4+4DKK8P8e3jk=",
      "requires": {
        "performance-now": "^2.1.0"
      }
    },
    "regenerator-runtime": {
      "version": "0.13.7",
      "resolved": "https://registry.npm.taobao.org/regenerator-runtime/download/regenerator-runtime-0.13.7.tgz",
      "integrity": "sha1-ysLazIoepnX+qrrriugziYrkb1U="
    },
    "rgbcolor": {
      "version": "1.0.1",
      "resolved": "https://registry.npm.taobao.org/rgbcolor/download/rgbcolor-1.0.1.tgz",
      "integrity": "sha1-1lBezbMEplldom+ktDMHMGd1lF0="
    },
    "stackblur-canvas": {
      "version": "2.4.0",
      "resolved": "https://registry.npm.taobao.org/stackblur-canvas/download/stackblur-canvas-2.4.0.tgz",
      "integrity": "sha1-Ky66kQy0b2/q6RjhxAL4Y9YCwBs="
    },
    "svg-pathdata": {
      "version": "5.0.5",
      "resolved": "https://registry.npm.taobao.org/svg-pathdata/download/svg-pathdata-5.0.5.tgz",
      "integrity": "sha1-ZejXZWQroV/hVDREQIfQgrxSayk="
    }
  }
}
